// !$*UTF8*$!
{
	archiveVersion = 1;
	classes = {
	};
	objectVersion = 77;
	objects = {

/* Begin PBXBuildFile section */
		84950BD22DEEEB1B00924D65 /* ModelTrainingApp.swift in Sources */ = {isa = PBXBuildFile; fileRef = 84950BCE2DEEEB1B00924D65 /* ModelTrainingApp.swift */; };
		84950BD32DEEEB1B00924D65 /* ModelTrainingView.swift in Sources */ = {isa = PBXBuildFile; fileRef = 84950BCF2DEEEB1B00924D65 /* ModelTrainingView.swift */; };
		84950BD42DEEEB1B00924D65 /* Assets.xcassets in Resources */ = {isa = PBXBuildFile; fileRef = 84950BCB2DEEEB1B00924D65 /* Assets.xcassets */; };
		84950BD62DEEEB3200924D65 /* ModelTraining.swift in Sources */ = {isa = PBXBuildFile; fileRef = 84950BD52DEEEB3200924D65 /* ModelTraining.swift */; };
		84950BD82DEEEB6400924D65 /* ModelTrainingCard.swift in Sources */ = {isa = PBXBuildFile; fileRef = 84950BD72DEEEB6400924D65 /* ModelTrainingCard.swift */; };
		84950BDA2DEEEBC600924D65 /* DashboardCardWithHighlight.swift in Sources */ = {isa = PBXBuildFile; fileRef = 84950BD92DEEEBC600924D65 /* DashboardCardWithHighlight.swift */; };
		84950BDC2DEEEBD800924D65 /* Color+Extension.swift in Sources */ = {isa = PBXBuildFile; fileRef = 84950BDB2DEEEBD800924D65 /* Color+Extension.swift */; };
/* End PBXBuildFile section */

/* Begin PBXFileReference section */
		84950BBA2DEEEABC00924D65 /* ModelTraining.app */ = {isa = PBXFileReference; explicitFileType = wrapper.application; includeInIndex = 0; path = ModelTraining.app; sourceTree = BUILT_PRODUCTS_DIR; };
		84950BCB2DEEEB1B00924D65 /* Assets.xcassets */ = {isa = PBXFileReference; lastKnownFileType = folder.assetcatalog; path = Assets.xcassets; sourceTree = "<group>"; };
		84950BCD2DEEEB1B00924D65 /* ModelTraining.entitlements */ = {isa = PBXFileReference; lastKnownFileType = text.plist.entitlements; path = ModelTraining.entitlements; sourceTree = "<group>"; };
		84950BCE2DEEEB1B00924D65 /* ModelTrainingApp.swift */ = {isa = PBXFileReference; lastKnownFileType = sourcecode.swift; path = ModelTrainingApp.swift; sourceTree = "<group>"; };
		84950BCF2DEEEB1B00924D65 /* ModelTrainingView.swift */ = {isa = PBXFileReference; lastKnownFileType = sourcecode.swift; path = ModelTrainingView.swift; sourceTree = "<group>"; };
		84950BD52DEEEB3200924D65 /* ModelTraining.swift */ = {isa = PBXFileReference; lastKnownFileType = sourcecode.swift; path = ModelTraining.swift; sourceTree = "<group>"; };
		84950BD72DEEEB6400924D65 /* ModelTrainingCard.swift */ = {isa = PBXFileReference; lastKnownFileType = sourcecode.swift; path = ModelTrainingCard.swift; sourceTree = "<group>"; };
		84950BD92DEEEBC600924D65 /* DashboardCardWithHighlight.swift */ = {isa = PBXFileReference; lastKnownFileType = sourcecode.swift; path = DashboardCardWithHighlight.swift; sourceTree = "<group>"; };
		84950BDB2DEEEBD800924D65 /* Color+Extension.swift */ = {isa = PBXFileReference; lastKnownFileType = sourcecode.swift; path = "Color+Extension.swift"; sourceTree = "<group>"; };
/* End PBXFileReference section */

/* Begin PBXFrameworksBuildPhase section */
		84950BB72DEEEABC00924D65 /* Frameworks */ = {
			isa = PBXFrameworksBuildPhase;
			buildActionMask = 2147483647;
			files = (
			);
			runOnlyForDeploymentPostprocessing = 0;
		};
/* End PBXFrameworksBuildPhase section */

/* Begin PBXGroup section */
		84950BB12DEEEABC00924D65 = {
			isa = PBXGroup;
			children = (
				84950BD02DEEEB1B00924D65 /* ModelTraining */,
				84950BBB2DEEEABC00924D65 /* Products */,
			);
			sourceTree = "<group>";
		};
		84950BBB2DEEEABC00924D65 /* Products */ = {
			isa = PBXGroup;
			children = (
				84950BBA2DEEEABC00924D65 /* ModelTraining.app */,
			);
			name = Products;
			sourceTree = "<group>";
		};
		84950BD02DEEEB1B00924D65 /* ModelTraining */ = {
			isa = PBXGroup;
			children = (
				84950BCE2DEEEB1B00924D65 /* ModelTrainingApp.swift */,
				84950BCF2DEEEB1B00924D65 /* ModelTrainingView.swift */,
				84950BD72DEEEB6400924D65 /* ModelTrainingCard.swift */,
				84950BD52DEEEB3200924D65 /* ModelTraining.swift */,
				84950BD92DEEEBC600924D65 /* DashboardCardWithHighlight.swift */,
				84950BDB2DEEEBD800924D65 /* Color+Extension.swift */,
				84950BCD2DEEEB1B00924D65 /* ModelTraining.entitlements */,
				84950BCB2DEEEB1B00924D65 /* Assets.xcassets */,
			);
			path = ModelTraining;
			sourceTree = "<group>";
		};
/* End PBXGroup section */

/* Begin PBXNativeTarget section */
		84950BB92DEEEABC00924D65 /* ModelTraining */ = {
			isa = PBXNativeTarget;
			buildConfigurationList = 84950BC62DEEEAC300924D65 /* Build configuration list for PBXNativeTarget "ModelTraining" */;
			buildPhases = (
				84950BB62DEEEABC00924D65 /* Sources */,
				84950BB72DEEEABC00924D65 /* Frameworks */,
				84950BB82DEEEABC00924D65 /* Resources */,
			);
			buildRules = (
			);
			dependencies = (
			);
			name = ModelTraining;
			packageProductDependencies = (
			);
			productName = ModelTraining;
			productReference = 84950BBA2DEEEABC00924D65 /* ModelTraining.app */;
			productType = "com.apple.product-type.application";
		};
/* End PBXNativeTarget section */

/* Begin PBXProject section */
		84950BB22DEEEABC00924D65 /* Project object */ = {
			isa = PBXProject;
			attributes = {
				BuildIndependentTargetsInParallel = 1;
				LastSwiftUpdateCheck = 1630;
				LastUpgradeCheck = 1630;
				TargetAttributes = {
					84950BB92DEEEABC00924D65 = {
						CreatedOnToolsVersion = 16.3;
					};
				};
			};
			buildConfigurationList = 84950BB52DEEEABC00924D65 /* Build configuration list for PBXProject "ModelTraining" */;
			developmentRegion = en;
			hasScannedForEncodings = 0;
			knownRegions = (
				en,
				Base,
			);
			mainGroup = 84950BB12DEEEABC00924D65;
			minimizedProjectReferenceProxies = 1;
			preferredProjectObjectVersion = 77;
			productRefGroup = 84950BBB2DEEEABC00924D65 /* Products */;
			projectDirPath = "";
			projectRoot = "";
			targets = (
				84950BB92DEEEABC00924D65 /* ModelTraining */,
			);
		};
/* End PBXProject section */

/* Begin PBXResourcesBuildPhase section */
		84950BB82DEEEABC00924D65 /* Resources */ = {
			isa = PBXResourcesBuildPhase;
			buildActionMask = 2147483647;
			files = (
				84950BD42DEEEB1B00924D65 /* Assets.xcassets in Resources */,
			);
			runOnlyForDeploymentPostprocessing = 0;
		};
/* End PBXResourcesBuildPhase section */

/* Begin PBXSourcesBuildPhase section */
		84950BB62DEEEABC00924D65 /* Sources */ = {
			isa = PBXSourcesBuildPhase;
			buildActionMask = 2147483647;
			files = (
				84950BD22DEEEB1B00924D65 /* ModelTrainingApp.swift in Sources */,
				84950BDC2DEEEBD800924D65 /* Color+Extension.swift in Sources */,
				84950BDA2DEEEBC600924D65 /* DashboardCardWithHighlight.swift in Sources */,
				84950BD32DEEEB1B00924D65 /* ModelTrainingView.swift in Sources */,
				84950BD62DEEEB3200924D65 /* ModelTraining.swift in Sources */,
				84950BD82DEEEB6400924D65 /* ModelTrainingCard.swift in Sources */,
			);
			runOnlyForDeploymentPostprocessing = 0;
		};
/* End PBXSourcesBuildPhase section */

/* Begin XCBuildConfiguration section */
		84950BC42DEEEAC300924D65 /* Debug */ = {
			isa = XCBuildConfiguration;
			buildSettings = {
				ALWAYS_SEARCH_USER_PATHS = NO;
				ASSETCATALOG_COMPILER_GENERATE_SWIFT_ASSET_SYMBOL_EXTENSIONS = YES;
				CLANG_ANALYZER_NONNULL = YES;
				CLANG_ANALYZER_NUMBER_OBJECT_CONVERSION = YES_AGGRESSIVE;
				CLANG_CXX_LANGUAGE_STANDARD = "gnu++20";
				CLANG_ENABLE_MODULES = YES;
				CLANG_ENABLE_OBJC_ARC = YES;
				CLANG_ENABLE_OBJC_WEAK = YES;
				CLANG_WARN_BLOCK_CAPTURE_AUTORELEASING = YES;
				CLANG_WARN_BOOL_CONVERSION = YES;
				CLANG_WARN_COMMA = YES;
				CLANG_WARN_CONSTANT_CONVERSION = YES;
				CLANG_WARN_DEPRECATED_OBJC_IMPLEMENTATIONS = YES;
				CLANG_WARN_DIRECT_OBJC_ISA_USAGE = YES_ERROR;
				CLANG_WARN_DOCUMENTATION_COMMENTS = YES;
				CLANG_WARN_EMPTY_BODY = YES;
				CLANG_WARN_ENUM_CONVERSION = YES;
				CLANG_WARN_INFINITE_RECURSION = YES;
				CLANG_WARN_INT_CONVERSION = YES;
				CLANG_WARN_NON_LITERAL_NULL_CONVERSION = YES;
				CLANG_WARN_OBJC_IMPLICIT_RETAIN_SELF = YES;
				CLANG_WARN_OBJC_LITERAL_CONVERSION = YES;
				CLANG_WARN_OBJC_ROOT_CLASS = YES_ERROR;
				CLANG_WARN_QUOTED_INCLUDE_IN_FRAMEWORK_HEADER = YES;
				CLANG_WARN_RANGE_LOOP_ANALYSIS = YES;
				CLANG_WARN_STRICT_PROTOTYPES = YES;
				CLANG_WARN_SUSPICIOUS_MOVE = YES;
				CLANG_WARN_UNGUARDED_AVAILABILITY = YES_AGGRESSIVE;
				CLANG_WARN_UNREACHABLE_CODE = YES;
				CLANG_WARN__DUPLICATE_METHOD_MATCH = YES;
				COPY_PHASE_STRIP = NO;
				DEBUG_INFORMATION_FORMAT = dwarf;
				DEVELOPMENT_TEAM = 2H2SS3HKUX;
				ENABLE_STRICT_OBJC_MSGSEND = YES;
				ENABLE_TESTABILITY = YES;
				ENABLE_USER_SCRIPT_SANDBOXING = YES;
				GCC_C_LANGUAGE_STANDARD = gnu17;
				GCC_DYNAMIC_NO_PIC = NO;
				GCC_NO_COMMON_BLOCKS = YES;
				GCC_OPTIMIZATION_LEVEL = 0;
				GCC_PREPROCESSOR_DEFINITIONS = (
					"DEBUG=1",
					"$(inherited)",
				);
				GCC_WARN_64_TO_32_BIT_CONVERSION = YES;
				GCC_WARN_ABOUT_RETURN_TYPE = YES_ERROR;
				GCC_WARN_UNDECLARED_SELECTOR = YES;
				GCC_WARN_UNINITIALIZED_AUTOS = YES_AGGRESSIVE;
				GCC_WARN_UNUSED_FUNCTION = YES;
				GCC_WARN_UNUSED_VARIABLE = YES;
				LOCALIZATION_PREFERS_STRING_CATALOGS = YES;
				MACOSX_DEPLOYMENT_TARGET = 15.4;
				MTL_ENABLE_DEBUG_INFO = INCLUDE_SOURCE;
				MTL_FAST_MATH = YES;
				ONLY_ACTIVE_ARCH = YES;
				SDKROOT = macosx;
				SWIFT_ACTIVE_COMPILATION_CONDITIONS = "DEBUG $(inherited)";
				SWIFT_OPTIMIZATION_LEVEL = "-Onone";
			};
			name = Debug;
		};
		84950BC52DEEEAC300924D65 /* Release */ = {
			isa = XCBuildConfiguration;
			buildSettings = {
				ALWAYS_SEARCH_USER_PATHS = NO;
				ASSETCATALOG_COMPILER_GENERATE_SWIFT_ASSET_SYMBOL_EXTENSIONS = YES;
				CLANG_ANALYZER_NONNULL = YES;
				CLANG_ANALYZER_NUMBER_OBJECT_CONVERSION = YES_AGGRESSIVE;
				CLANG_CXX_LANGUAGE_STANDARD = "gnu++20";
				CLANG_ENABLE_MODULES = YES;
				CLANG_ENABLE_OBJC_ARC = YES;
				CLANG_ENABLE_OBJC_WEAK = YES;
				CLANG_WARN_BLOCK_CAPTURE_AUTORELEASING = YES;
				CLANG_WARN_BOOL_CONVERSION = YES;
				CLANG_WARN_COMMA = YES;
				CLANG_WARN_CONSTANT_CONVERSION = YES;
				CLANG_WARN_DEPRECATED_OBJC_IMPLEMENTATIONS = YES;
				CLANG_WARN_DIRECT_OBJC_ISA_USAGE = YES_ERROR;
				CLANG_WARN_DOCUMENTATION_COMMENTS = YES;
				CLANG_WARN_EMPTY_BODY = YES;
				CLANG_WARN_ENUM_CONVERSION = YES;
				CLANG_WARN_INFINITE_RECURSION = YES;
				CLANG_WARN_INT_CONVERSION = YES;
				CLANG_WARN_NON_LITERAL_NULL_CONVERSION = YES;
				CLANG_WARN_OBJC_IMPLICIT_RETAIN_SELF = YES;
				CLANG_WARN_OBJC_LITERAL_CONVERSION = YES;
				CLANG_WARN_OBJC_ROOT_CLASS = YES_ERROR;
				CLANG_WARN_QUOTED_INCLUDE_IN_FRAMEWORK_HEADER = YES;
				CLANG_WARN_RANGE_LOOP_ANALYSIS = YES;
				CLANG_WARN_STRICT_PROTOTYPES = YES;
				CLANG_WARN_SUSPICIOUS_MOVE = YES;
				CLANG_WARN_UNGUARDED_AVAILABILITY = YES_AGGRESSIVE;
				CLANG_WARN_UNREACHABLE_CODE = YES;
				CLANG_WARN__DUPLICATE_METHOD_MATCH = YES;
				COPY_PHASE_STRIP = NO;
				DEBUG_INFORMATION_FORMAT = "dwarf-with-dsym";
				DEVELOPMENT_TEAM = 2H2SS3HKUX;
				ENABLE_NS_ASSERTIONS = NO;
				ENABLE_STRICT_OBJC_MSGSEND = YES;
				ENABLE_USER_SCRIPT_SANDBOXING = YES;
				GCC_C_LANGUAGE_STANDARD = gnu17;
				GCC_NO_COMMON_BLOCKS = YES;
				GCC_WARN_64_TO_32_BIT_CONVERSION = YES;
				GCC_WARN_ABOUT_RETURN_TYPE = YES_ERROR;
				GCC_WARN_UNDECLARED_SELECTOR = YES;
				GCC_WARN_UNINITIALIZED_AUTOS = YES_AGGRESSIVE;
				GCC_WARN_UNUSED_FUNCTION = YES;
				GCC_WARN_UNUSED_VARIABLE = YES;
				LOCALIZATION_PREFERS_STRING_CATALOGS = YES;
				MACOSX_DEPLOYMENT_TARGET = 15.4;
				MTL_ENABLE_DEBUG_INFO = NO;
				MTL_FAST_MATH = YES;
				SDKROOT = macosx;
				SWIFT_COMPILATION_MODE = wholemodule;
			};
			name = Release;
		};
		84950BC72DEEEAC300924D65 /* Debug */ = {
			isa = XCBuildConfiguration;
			buildSettings = {
				ASSETCATALOG_COMPILER_APPICON_NAME = AppIcon;
				ASSETCATALOG_COMPILER_GLOBAL_ACCENT_COLOR_NAME = AccentColor;
				CODE_SIGN_ENTITLEMENTS = ModelTraining/ModelTraining.entitlements;
				CODE_SIGN_STYLE = Automatic;
				COMBINE_HIDPI_IMAGES = YES;
				CURRENT_PROJECT_VERSION = 1;
				DEVELOPMENT_TEAM = 2H2SS3HKUX;
				ENABLE_HARDENED_RUNTIME = YES;
				ENABLE_PREVIEWS = YES;
				GENERATE_INFOPLIST_FILE = YES;
				INFOPLIST_KEY_CFBundleDisplayName = ModelTraining;
				INFOPLIST_KEY_NSHumanReadableCopyright = "";
				LD_RUNPATH_SEARCH_PATHS = (
					"$(inherited)",
					"@executable_path/../Frameworks",
				);
				MARKETING_VERSION = 1.0;
				PRODUCT_BUNDLE_IDENTIFIER = ooo.omemo.ModelTraining;
				PRODUCT_NAME = "$(TARGET_NAME)";
				REGISTER_APP_GROUPS = YES;
				SWIFT_EMIT_LOC_STRINGS = YES;
				SWIFT_VERSION = 5.0;
			};
			name = Debug;
		};
		84950BC82DEEEAC300924D65 /* Release */ = {
			isa = XCBuildConfiguration;
			buildSettings = {
				ASSETCATALOG_COMPILER_APPICON_NAME = AppIcon;
				ASSETCATALOG_COMPILER_GLOBAL_ACCENT_COLOR_NAME = AccentColor;
				CODE_SIGN_ENTITLEMENTS = ModelTraining/ModelTraining.entitlements;
				CODE_SIGN_STYLE = Automatic;
				COMBINE_HIDPI_IMAGES = YES;
				CURRENT_PROJECT_VERSION = 1;
				DEVELOPMENT_TEAM = 2H2SS3HKUX;
				ENABLE_HARDENED_RUNTIME = YES;
				ENABLE_PREVIEWS = YES;
				GENERATE_INFOPLIST_FILE = YES;
				INFOPLIST_KEY_CFBundleDisplayName = ModelTraining;
				INFOPLIST_KEY_NSHumanReadableCopyright = "";
				LD_RUNPATH_SEARCH_PATHS = (
					"$(inherited)",
					"@executable_path/../Frameworks",
				);
				MARKETING_VERSION = 1.0;
				PRODUCT_BUNDLE_IDENTIFIER = ooo.omemo.ModelTraining;
				PRODUCT_NAME = "$(TARGET_NAME)";
				REGISTER_APP_GROUPS = YES;
				SWIFT_EMIT_LOC_STRINGS = YES;
				SWIFT_VERSION = 5.0;
			};
			name = Release;
		};
/* End XCBuildConfiguration section */

/* Begin XCConfigurationList section */
		84950BB52DEEEABC00924D65 /* Build configuration list for PBXProject "ModelTraining" */ = {
			isa = XCConfigurationList;
			buildConfigurations = (
				84950BC42DEEEAC300924D65 /* Debug */,
				84950BC52DEEEAC300924D65 /* Release */,
			);
			defaultConfigurationIsVisible = 0;
			defaultConfigurationName = Release;
		};
		84950BC62DEEEAC300924D65 /* Build configuration list for PBXNativeTarget "ModelTraining" */ = {
			isa = XCConfigurationList;
			buildConfigurations = (
				84950BC72DEEEAC300924D65 /* Debug */,
				84950BC82DEEEAC300924D65 /* Release */,
			);
			defaultConfigurationIsVisible = 0;
			defaultConfigurationName = Release;
		};
/* End XCConfigurationList section */
	};
	rootObject = 84950BB22DEEEABC00924D65 /* Project object */;
}
